// !$*UTF8*$!
{
	archiveVersion = 1;
	classes = {
	};
	objectVersion = 50;
	objects = {

/* Begin PBXBuildFile section */
		9953843726BBEB800097BC28 /* TuneCell.swift in Sources */ = {isa = PBXBuildFile; fileRef = 9953843626BBEB800097BC28 /* TuneCell.swift */; };
		996B906E269EED5000F87509 /* AppDelegate.swift in Sources */ = {isa = PBXBuildFile; fileRef = 996B906D269EED5000F87509 /* AppDelegate.swift */; };
		996B9070269EED5000F87509 /* SceneDelegate.swift in Sources */ = {isa = PBXBuildFile; fileRef = 996B906F269EED5000F87509 /* SceneDelegate.swift */; };
		996B9077269EED5300F87509 /* Assets.xcassets in Resources */ = {isa = PBXBuildFile; fileRef = 996B9076269EED5300F87509 /* Assets.xcassets */; };
		996B907A269EED5300F87509 /* LaunchScreen.storyboard in Resources */ = {isa = PBXBuildFile; fileRef = 996B9078269EED5300F87509 /* LaunchScreen.storyboard */; };
		996B9089269EF05500F87509 /* QueryService.swift in Sources */ = {isa = PBXBuildFile; fileRef = 996B9088269EF05500F87509 /* QueryService.swift */; };
		996B908D269EF4FE00F87509 /* Response.swift in Sources */ = {isa = PBXBuildFile; fileRef = 996B908C269EF4FE00F87509 /* Response.swift */; };
		9973598626CBD20200AEEEED /* TunesViewController.swift in Sources */ = {isa = PBXBuildFile; fileRef = 9973598526CBD20200AEEEED /* TunesViewController.swift */; };
		9973598926CBF5AD00AEEEED /* TunesVCViewModel.swift in Sources */ = {isa = PBXBuildFile; fileRef = 9973598826CBF5AD00AEEEED /* TunesVCViewModel.swift */; };
		9973598C26CBFA5E00AEEEED /* TuneCellViewModel.swift in Sources */ = {isa = PBXBuildFile; fileRef = 9973598B26CBFA5E00AEEEED /* TuneCellViewModel.swift */; };
		9973598F26CC03BC00AEEEED /* Container.swift in Sources */ = {isa = PBXBuildFile; fileRef = 9973598E26CC03BC00AEEEED /* Container.swift */; };
		9973599426CD171500AEEEED /* Download.swift in Sources */ = {isa = PBXBuildFile; fileRef = 9973599326CD171500AEEEED /* Download.swift */; };
		9973599726CD17DE00AEEEED /* DownloadService.swift in Sources */ = {isa = PBXBuildFile; fileRef = 9973599626CD17DE00AEEEED /* DownloadService.swift */; };
/* End PBXBuildFile section */

/* Begin PBXFileReference section */
		9953843626BBEB800097BC28 /* TuneCell.swift */ = {isa = PBXFileReference; lastKnownFileType = sourcecode.swift; path = TuneCell.swift; sourceTree = "<group>"; };
		996B906A269EED5000F87509 /* halfTune.app */ = {isa = PBXFileReference; explicitFileType = wrapper.application; includeInIndex = 0; path = halfTune.app; sourceTree = BUILT_PRODUCTS_DIR; };
		996B906D269EED5000F87509 /* AppDelegate.swift */ = {isa = PBXFileReference; lastKnownFileType = sourcecode.swift; path = AppDelegate.swift; sourceTree = "<group>"; };
		996B906F269EED5000F87509 /* SceneDelegate.swift */ = {isa = PBXFileReference; lastKnownFileType = sourcecode.swift; path = SceneDelegate.swift; sourceTree = "<group>"; };
		996B9076269EED5300F87509 /* Assets.xcassets */ = {isa = PBXFileReference; lastKnownFileType = folder.assetcatalog; path = Assets.xcassets; sourceTree = "<group>"; };
		996B9079269EED5300F87509 /* Base */ = {isa = PBXFileReference; lastKnownFileType = file.storyboard; name = Base; path = Base.lproj/LaunchScreen.storyboard; sourceTree = "<group>"; };
		996B907B269EED5300F87509 /* Info.plist */ = {isa = PBXFileReference; lastKnownFileType = text.plist.xml; path = Info.plist; sourceTree = "<group>"; };
		996B9088269EF05500F87509 /* QueryService.swift */ = {isa = PBXFileReference; lastKnownFileType = sourcecode.swift; path = QueryService.swift; sourceTree = "<group>"; };
		996B908C269EF4FE00F87509 /* Response.swift */ = {isa = PBXFileReference; lastKnownFileType = sourcecode.swift; path = Response.swift; sourceTree = "<group>"; };
		9973598526CBD20200AEEEED /* TunesViewController.swift */ = {isa = PBXFileReference; lastKnownFileType = sourcecode.swift; path = TunesViewController.swift; sourceTree = "<group>"; };
		9973598826CBF5AD00AEEEED /* TunesVCViewModel.swift */ = {isa = PBXFileReference; lastKnownFileType = sourcecode.swift; path = TunesVCViewModel.swift; sourceTree = "<group>"; };
		9973598B26CBFA5E00AEEEED /* TuneCellViewModel.swift */ = {isa = PBXFileReference; lastKnownFileType = sourcecode.swift; path = TuneCellViewModel.swift; sourceTree = "<group>"; };
		9973598E26CC03BC00AEEEED /* Container.swift */ = {isa = PBXFileReference; lastKnownFileType = sourcecode.swift; path = Container.swift; sourceTree = "<group>"; };
		9973599326CD171500AEEEED /* Download.swift */ = {isa = PBXFileReference; lastKnownFileType = sourcecode.swift; path = Download.swift; sourceTree = "<group>"; };
		9973599626CD17DE00AEEEED /* DownloadService.swift */ = {isa = PBXFileReference; lastKnownFileType = sourcecode.swift; path = DownloadService.swift; sourceTree = "<group>"; };
/* End PBXFileReference section */

/* Begin PBXFrameworksBuildPhase section */
		996B9067269EED5000F87509 /* Frameworks */ = {
			isa = PBXFrameworksBuildPhase;
			buildActionMask = 2147483647;
			files = (
			);
			runOnlyForDeploymentPostprocessing = 0;
		};
/* End PBXFrameworksBuildPhase section */

/* Begin PBXGroup section */
		996B9061269EED5000F87509 = {
			isa = PBXGroup;
			children = (
				996B906C269EED5000F87509 /* halfTune */,
				996B906B269EED5000F87509 /* Products */,
			);
			sourceTree = "<group>";
		};
		996B906B269EED5000F87509 /* Products */ = {
			isa = PBXGroup;
			children = (
				996B906A269EED5000F87509 /* halfTune.app */,
			);
			name = Products;
			sourceTree = "<group>";
		};
		996B906C269EED5000F87509 /* halfTune */ = {
			isa = PBXGroup;
			children = (
				996B906D269EED5000F87509 /* AppDelegate.swift */,
				996B906F269EED5000F87509 /* SceneDelegate.swift */,
				9973598E26CC03BC00AEEEED /* Container.swift */,
				996B9087269EF00A00F87509 /* NetworkService */,
				996B908B269EF4E200F87509 /* Model */,
				99F5CE6C26B4199700AFB55A /* VIewModel */,
				99F5CE7026B419FA00AFB55A /* View */,
				996B9076269EED5300F87509 /* Assets.xcassets */,
				996B9078269EED5300F87509 /* LaunchScreen.storyboard */,
				996B907B269EED5300F87509 /* Info.plist */,
			);
			path = halfTune;
			sourceTree = "<group>";
		};
		996B9087269EF00A00F87509 /* NetworkService */ = {
			isa = PBXGroup;
			children = (
				996B9088269EF05500F87509 /* QueryService.swift */,
				9973599626CD17DE00AEEEED /* DownloadService.swift */,
			);
			path = NetworkService;
			sourceTree = "<group>";
		};
		996B908B269EF4E200F87509 /* Model */ = {
			isa = PBXGroup;
			children = (
				996B908C269EF4FE00F87509 /* Response.swift */,
				9973599326CD171500AEEEED /* Download.swift */,
			);
			path = Model;
			sourceTree = "<group>";
		};
		99F5CE6C26B4199700AFB55A /* VIewModel */ = {
			isa = PBXGroup;
			children = (
				9973598826CBF5AD00AEEEED /* TunesVCViewModel.swift */,
				9973598B26CBFA5E00AEEEED /* TuneCellViewModel.swift */,
			);
			path = VIewModel;
			sourceTree = "<group>";
		};
		99F5CE7026B419FA00AFB55A /* View */ = {
			isa = PBXGroup;
			children = (
				9953843626BBEB800097BC28 /* TuneCell.swift */,
				9973598526CBD20200AEEEED /* TunesViewController.swift */,
			);
			path = View;
			sourceTree = "<group>";
		};
/* End PBXGroup section */

/* Begin PBXNativeTarget section */
		996B9069269EED5000F87509 /* halfTune */ = {
			isa = PBXNativeTarget;
			buildConfigurationList = 996B907E269EED5300F87509 /* Build configuration list for PBXNativeTarget "halfTune" */;
			buildPhases = (
				996B9066269EED5000F87509 /* Sources */,
				996B9067269EED5000F87509 /* Frameworks */,
				996B9068269EED5000F87509 /* Resources */,
			);
			buildRules = (
			);
			dependencies = (
			);
			name = halfTune;
			productName = halfTune;
			productReference = 996B906A269EED5000F87509 /* halfTune.app */;
			productType = "com.apple.product-type.application";
		};
/* End PBXNativeTarget section */

/* Begin PBXProject section */
		996B9062269EED5000F87509 /* Project object */ = {
			isa = PBXProject;
			attributes = {
				LastSwiftUpdateCheck = 1220;
				LastUpgradeCheck = 1220;
				TargetAttributes = {
					996B9069269EED5000F87509 = {
						CreatedOnToolsVersion = 12.2;
					};
				};
			};
			buildConfigurationList = 996B9065269EED5000F87509 /* Build configuration list for PBXProject "halfTune" */;
			compatibilityVersion = "Xcode 9.3";
			developmentRegion = en;
			hasScannedForEncodings = 0;
			knownRegions = (
				en,
				Base,
			);
			mainGroup = 996B9061269EED5000F87509;
			productRefGroup = 996B906B269EED5000F87509 /* Products */;
			projectDirPath = "";
			projectRoot = "";
			targets = (
				996B9069269EED5000F87509 /* halfTune */,
			);
		};
/* End PBXProject section */

/* Begin PBXResourcesBuildPhase section */
		996B9068269EED5000F87509 /* Resources */ = {
			isa = PBXResourcesBuildPhase;
			buildActionMask = 2147483647;
			files = (
				996B907A269EED5300F87509 /* LaunchScreen.storyboard in Resources */,
				996B9077269EED5300F87509 /* Assets.xcassets in Resources */,
			);
			runOnlyForDeploymentPostprocessing = 0;
		};
/* End PBXResourcesBuildPhase section */

/* Begin PBXSourcesBuildPhase section */
		996B9066269EED5000F87509 /* Sources */ = {
			isa = PBXSourcesBuildPhase;
			buildActionMask = 2147483647;
			files = (
				9973598926CBF5AD00AEEEED /* TunesVCViewModel.swift in Sources */,
				9953843726BBEB800097BC28 /* TuneCell.swift in Sources */,
				9973598F26CC03BC00AEEEED /* Container.swift in Sources */,
				9973598C26CBFA5E00AEEEED /* TuneCellViewModel.swift in Sources */,
				996B9089269EF05500F87509 /* QueryService.swift in Sources */,
				996B908D269EF4FE00F87509 /* Response.swift in Sources */,
				996B906E269EED5000F87509 /* AppDelegate.swift in Sources */,
				9973598626CBD20200AEEEED /* TunesViewController.swift in Sources */,
				996B9070269EED5000F87509 /* SceneDelegate.swift in Sources */,
				9973599426CD171500AEEEED /* Download.swift in Sources */,
				9973599726CD17DE00AEEEED /* DownloadService.swift in Sources */,
			);
			runOnlyForDeploymentPostprocessing = 0;
		};
/* End PBXSourcesBuildPhase section */

/* Begin PBXVariantGroup section */
		996B9078269EED5300F87509 /* LaunchScreen.storyboard */ = {
			isa = PBXVariantGroup;
			children = (
				996B9079269EED5300F87509 /* Base */,
			);
			name = LaunchScreen.storyboard;
			sourceTree = "<group>";
		};
/* End PBXVariantGroup section */

/* Begin XCBuildConfiguration section */
		996B907C269EED5300F87509 /* Debug */ = {
			isa = XCBuildConfiguration;
			buildSettings = {
				ALWAYS_SEARCH_USER_PATHS = NO;
				CLANG_ANALYZER_NONNULL = YES;
				CLANG_ANALYZER_NUMBER_OBJECT_CONVERSION = YES_AGGRESSIVE;
				CLANG_CXX_LANGUAGE_STANDARD = "gnu++14";
				CLANG_CXX_LIBRARY = "libc++";
				CLANG_ENABLE_MODULES = YES;
				CLANG_ENABLE_OBJC_ARC = YES;
				CLANG_ENABLE_OBJC_WEAK = YES;
				CLANG_WARN_BLOCK_CAPTURE_AUTORELEASING = YES;
				CLANG_WARN_BOOL_CONVERSION = YES;
				CLANG_WARN_COMMA = YES;
				CLANG_WARN_CONSTANT_CONVERSION = YES;
				CLANG_WARN_DEPRECATED_OBJC_IMPLEMENTATIONS = YES;
				CLANG_WARN_DIRECT_OBJC_ISA_USAGE = YES_ERROR;
				CLANG_WARN_DOCUMENTATION_COMMENTS = YES;
				CLANG_WARN_EMPTY_BODY = YES;
				CLANG_WARN_ENUM_CONVERSION = YES;
				CLANG_WARN_INFINITE_RECURSION = YES;
				CLANG_WARN_INT_CONVERSION = YES;
				CLANG_WARN_NON_LITERAL_NULL_CONVERSION = YES;
				CLANG_WARN_OBJC_IMPLICIT_RETAIN_SELF = YES;
				CLANG_WARN_OBJC_LITERAL_CONVERSION = YES;
				CLANG_WARN_OBJC_ROOT_CLASS = YES_ERROR;
				CLANG_WARN_QUOTED_INCLUDE_IN_FRAMEWORK_HEADER = YES;
				CLANG_WARN_RANGE_LOOP_ANALYSIS = YES;
				CLANG_WARN_STRICT_PROTOTYPES = YES;
				CLANG_WARN_SUSPICIOUS_MOVE = YES;
				CLANG_WARN_UNGUARDED_AVAILABILITY = YES_AGGRESSIVE;
				CLANG_WARN_UNREACHABLE_CODE = YES;
				CLANG_WARN__DUPLICATE_METHOD_MATCH = YES;
				COPY_PHASE_STRIP = NO;
				DEBUG_INFORMATION_FORMAT = dwarf;
				ENABLE_STRICT_OBJC_MSGSEND = YES;
				ENABLE_TESTABILITY = YES;
				GCC_C_LANGUAGE_STANDARD = gnu11;
				GCC_DYNAMIC_NO_PIC = NO;
				GCC_NO_COMMON_BLOCKS = YES;
				GCC_OPTIMIZATION_LEVEL = 0;
				GCC_PREPROCESSOR_DEFINITIONS = (
					"DEBUG=1",
					"$(inherited)",
				);
				GCC_WARN_64_TO_32_BIT_CONVERSION = YES;
				GCC_WARN_ABOUT_RETURN_TYPE = YES_ERROR;
				GCC_WARN_UNDECLARED_SELECTOR = YES;
				GCC_WARN_UNINITIALIZED_AUTOS = YES_AGGRESSIVE;
				GCC_WARN_UNUSED_FUNCTION = YES;
				GCC_WARN_UNUSED_VARIABLE = YES;
				IPHONEOS_DEPLOYMENT_TARGET = 14.2;
				MTL_ENABLE_DEBUG_INFO = INCLUDE_SOURCE;
				MTL_FAST_MATH = YES;
				ONLY_ACTIVE_ARCH = YES;
				SDKROOT = iphoneos;
				SWIFT_ACTIVE_COMPILATION_CONDITIONS = DEBUG;
				SWIFT_OPTIMIZATION_LEVEL = "-Onone";
			};
			name = Debug;
		};
		996B907D269EED5300F87509 /* Release */ = {
			isa = XCBuildConfiguration;
			buildSettings = {
				ALWAYS_SEARCH_USER_PATHS = NO;
				CLANG_ANALYZER_NONNULL = YES;
				CLANG_ANALYZER_NUMBER_OBJECT_CONVERSION = YES_AGGRESSIVE;
				CLANG_CXX_LANGUAGE_STANDARD = "gnu++14";
				CLANG_CXX_LIBRARY = "libc++";
				CLANG_ENABLE_MODULES = YES;
				CLANG_ENABLE_OBJC_ARC = YES;
				CLANG_ENABLE_OBJC_WEAK = YES;
				CLANG_WARN_BLOCK_CAPTURE_AUTORELEASING = YES;
				CLANG_WARN_BOOL_CONVERSION = YES;
				CLANG_WARN_COMMA = YES;
				CLANG_WARN_CONSTANT_CONVERSION = YES;
				CLANG_WARN_DEPRECATED_OBJC_IMPLEMENTATIONS = YES;
				CLANG_WARN_DIRECT_OBJC_ISA_USAGE = YES_ERROR;
				CLANG_WARN_DOCUMENTATION_COMMENTS = YES;
				CLANG_WARN_EMPTY_BODY = YES;
				CLANG_WARN_ENUM_CONVERSION = YES;
				CLANG_WARN_INFINITE_RECURSION = YES;
				CLANG_WARN_INT_CONVERSION = YES;
				CLANG_WARN_NON_LITERAL_NULL_CONVERSION = YES;
				CLANG_WARN_OBJC_IMPLICIT_RETAIN_SELF = YES;
				CLANG_WARN_OBJC_LITERAL_CONVERSION = YES;
				CLANG_WARN_OBJC_ROOT_CLASS = YES_ERROR;
				CLANG_WARN_QUOTED_INCLUDE_IN_FRAMEWORK_HEADER = YES;
				CLANG_WARN_RANGE_LOOP_ANALYSIS = YES;
				CLANG_WARN_STRICT_PROTOTYPES = YES;
				CLANG_WARN_SUSPICIOUS_MOVE = YES;
				CLANG_WARN_UNGUARDED_AVAILABILITY = YES_AGGRESSIVE;
				CLANG_WARN_UNREACHABLE_CODE = YES;
				CLANG_WARN__DUPLICATE_METHOD_MATCH = YES;
				COPY_PHASE_STRIP = NO;
				DEBUG_INFORMATION_FORMAT = "dwarf-with-dsym";
				ENABLE_NS_ASSERTIONS = NO;
				ENABLE_STRICT_OBJC_MSGSEND = YES;
				GCC_C_LANGUAGE_STANDARD = gnu11;
				GCC_NO_COMMON_BLOCKS = YES;
				GCC_WARN_64_TO_32_BIT_CONVERSION = YES;
				GCC_WARN_ABOUT_RETURN_TYPE = YES_ERROR;
				GCC_WARN_UNDECLARED_SELECTOR = YES;
				GCC_WARN_UNINITIALIZED_AUTOS = YES_AGGRESSIVE;
				GCC_WARN_UNUSED_FUNCTION = YES;
				GCC_WARN_UNUSED_VARIABLE = YES;
				IPHONEOS_DEPLOYMENT_TARGET = 14.2;
				MTL_ENABLE_DEBUG_INFO = NO;
				MTL_FAST_MATH = YES;
				SDKROOT = iphoneos;
				SWIFT_COMPILATION_MODE = wholemodule;
				SWIFT_OPTIMIZATION_LEVEL = "-O";
				VALIDATE_PRODUCT = YES;
			};
			name = Release;
		};
		996B907F269EED5300F87509 /* Debug */ = {
			isa = XCBuildConfiguration;
			buildSettings = {
				ASSETCATALOG_COMPILER_APPICON_NAME = AppIcon;
				ASSETCATALOG_COMPILER_GLOBAL_ACCENT_COLOR_NAME = AccentColor;
				CODE_SIGN_STYLE = Automatic;
				DEVELOPMENT_TEAM = H9Q8A65R22;
				INFOPLIST_FILE = halfTune/Info.plist;
				LD_RUNPATH_SEARCH_PATHS = (
					"$(inherited)",
					"@executable_path/Frameworks",
				);
				PRODUCT_BUNDLE_IDENTIFIER = gurgen.halfTune;
				PRODUCT_NAME = "$(TARGET_NAME)";
				SWIFT_VERSION = 5.0;
				TARGETED_DEVICE_FAMILY = "1,2";
			};
			name = Debug;
		};
		996B9080269EED5300F87509 /* Release */ = {
			isa = XCBuildConfiguration;
			buildSettings = {
				ASSETCATALOG_COMPILER_APPICON_NAME = AppIcon;
				ASSETCATALOG_COMPILER_GLOBAL_ACCENT_COLOR_NAME = AccentColor;
				CODE_SIGN_STYLE = Automatic;
				DEVELOPMENT_TEAM = H9Q8A65R22;
				INFOPLIST_FILE = halfTune/Info.plist;
				LD_RUNPATH_SEARCH_PATHS = (
					"$(inherited)",
					"@executable_path/Frameworks",
				);
				PRODUCT_BUNDLE_IDENTIFIER = gurgen.halfTune;
				PRODUCT_NAME = "$(TARGET_NAME)";
				SWIFT_VERSION = 5.0;
				TARGETED_DEVICE_FAMILY = "1,2";
			};
			name = Release;
		};
/* End XCBuildConfiguration section */

/* Begin XCConfigurationList section */
		996B9065269EED5000F87509 /* Build configuration list for PBXProject "halfTune" */ = {
			isa = XCConfigurationList;
			buildConfigurations = (
				996B907C269EED5300F87509 /* Debug */,
				996B907D269EED5300F87509 /* Release */,
			);
			defaultConfigurationIsVisible = 0;
			defaultConfigurationName = Release;
		};
		996B907E269EED5300F87509 /* Build configuration list for PBXNativeTarget "halfTune" */ = {
			isa = XCConfigurationList;
			buildConfigurations = (
				996B907F269EED5300F87509 /* Debug */,
				996B9080269EED5300F87509 /* Release */,
			);
			defaultConfigurationIsVisible = 0;
			defaultConfigurationName = Release;
		};
/* End XCConfigurationList section */
	};
	rootObject = 996B9062269EED5000F87509 /* Project object */;
}
